
Microsoft Visual Studio Solution File, Format Version 12.00
# Visual Studio Version 17
VisualStudioVersion = 17.4.33213.308
MinimumVisualStudioVersion = 10.0.40219.1
Project("{8BC9CEB8-8B4A-11D0-8D11-00A0C91BC942}") = "Engine", "DirectX3DPortfolio\DirectX3DPortfolio.vcxproj", "{9CA96655-6279-4714-B254-DAE06CF09079}"
EndProject
Project("{8BC9CEB8-8B4A-11D0-8D11-00A0C91BC942}") = "Editor", "Editor\Editor.vcxproj", "{CF85D7B3-89C0-40A9-8113-19143BE30E04}"
EndProject
Global
	GlobalSection(SolutionConfigurationPlatforms) = preSolution
		Debug|x64 = Debug|x64
		Debug|x86 = Debug|x86
		Release|x64 = Release|x64
		Release|x86 = Release|x86
	EndGlobalSection
	GlobalSection(ProjectConfigurationPlatforms) = postSolution
		{9CA96655-6279-4714-B254-DAE06CF09079}.Debug|x64.ActiveCfg = Debug|x64
		{9CA96655-6279-4714-B254-DAE06CF09079}.Debug|x64.Build.0 = Debug|x64
		{9CA96655-6279-4714-B254-DAE06CF09079}.Debug|x86.ActiveCfg = Debug|Win32
		{9CA96655-6279-4714-B254-DAE06CF09079}.Debug|x86.Build.0 = Debug|Win32
		{9CA96655-6279-4714-B254-DAE06CF09079}.Release|x64.ActiveCfg = Release|x64
		{9CA96655-6279-4714-B254-DAE06CF09079}.Release|x64.Build.0 = Release|x64
		{9CA96655-6279-4714-B254-DAE06CF09079}.Release|x86.ActiveCfg = Release|Win32
		{9CA96655-6279-4714-B254-DAE06CF09079}.Release|x86.Build.0 = Release|Win32
		{CF85D7B3-89C0-40A9-8113-19143BE30E04}.Debug|x64.ActiveCfg = Debug|x64
		{CF85D7B3-89C0-40A9-8113-19143BE30E04}.Debug|x64.Build.0 = Debug|x64
		{CF85D7B3-89C0-40A9-8113-19143BE30E04}.Debug|x86.ActiveCfg = Debug|Win32
		{CF85D7B3-89C0-40A9-8113-19143BE30E04}.Debug|x86.Build.0 = Debug|Win32
		{CF85D7B3-89C0-40A9-8113-19143BE30E04}.Release|x64.ActiveCfg = Release|x64
		{CF85D7B3-89C0-40A9-8113-19143BE30E04}.Release|x64.Build.0 = Release|x64
		{CF85D7B3-89C0-40A9-8113-19143BE30E04}.Release|x86.ActiveCfg = Release|Win32
		{CF85D7B3-89C0-40A9-8113-19143BE30E04}.Release|x86.Build.0 = Release|Win32
	EndGlobalSection
	GlobalSection(SolutionProperties) = preSolution
		HideSolutionNode = FALSE
	EndGlobalSection
	GlobalSection(ExtensibilityGlobals) = postSolution
		SolutionGuid = {4663E770-4B2C-4991-9F78-F5F2F3EC72E9}
	EndGlobalSection
EndGlobal
